<Solution>
  <Folder Name="/.github/">
    <File Path="../.github/copilot-instructions.md" />
  </Folder>
  <Configurations>
    <BuildType Name="Release" />
  </Configurations>
  <Project Path="DragonsRangeUnlocker/DragonsRangeUnlocker.csproj" />
  <Project Path="SydailyFox_Settingpack/SydailyFox_Settingpack.csproj" />
</Solution>